
Microsoft Visual Studio Solution File, Format Version 12.00
# Visual Studio Version 16
VisualStudioVersion = 16.0.31229.75
MinimumVisualStudioVersion = 10.0.40219.1
Project("{8BC9CEB8-8B4A-11D0-8D11-00A0C91BC942}") = "Splitgate Bypass", "Splitgate\ConsoleApplication1.vcxproj", "{CD419A15-85C8-4E16-BDD9-17FF05C8C708}"
EndProject
Global
	GlobalSection(SolutionConfigurationPlatforms) = preSolution
		Debug|x64 = Debug|x64
		Debug|x86 = Debug|x86
		Release|x64 = Release|x64
		Release|x86 = Release|x86
	EndGlobalSection
	GlobalSection(ProjectConfigurationPlatforms) = postSolution
		{CD419A15-85C8-4E16-BDD9-17FF05C8C708}.Debug|x64.ActiveCfg = Debug|x64
		{CD419A15-85C8-4E16-BDD9-17FF05C8C708}.Debug|x64.Build.0 = Debug|x64
		{CD419A15-85C8-4E16-BDD9-17FF05C8C708}.Debug|x86.ActiveCfg = Debug|Win32
		{CD419A15-85C8-4E16-BDD9-17FF05C8C708}.Debug|x86.Build.0 = Debug|Win32
		{CD419A15-85C8-4E16-BDD9-17FF05C8C708}.Release|x64.ActiveCfg = Release|x64
		{CD419A15-85C8-4E16-BDD9-17FF05C8C708}.Release|x64.Build.0 = Release|x64
		{CD419A15-85C8-4E16-BDD9-17FF05C8C708}.Release|x86.ActiveCfg = Release|Win32
		{CD419A15-85C8-4E16-BDD9-17FF05C8C708}.Release|x86.Build.0 = Release|Win32
	EndGlobalSection
	GlobalSection(SolutionProperties) = preSolution
		HideSolutionNode = FALSE
	EndGlobalSection
	GlobalSection(ExtensibilityGlobals) = postSolution
		SolutionGuid = {CD674984-55DA-4036-A97A-8179DDEA1C32}
	EndGlobalSection
EndGlobal
